
Microsoft Visual Studio Solution File, Format Version 12.00
# Visual Studio Version 17
VisualStudioVersion = 17.5.002.0
MinimumVisualStudioVersion = 10.0.40219.1
Project("{2150E333-8FDC-42A3-9474-1A3956D46DE8}") = "C#", "C#", "{8FFAF1E6-1342-4DDD-860B-D872287FE9EA}"
EndProject
Project("{9A19103F-16F7-4668-BE54-9A1E7A4F7556}") = "HelloWorld", "C#\HelloWorld\HelloWorld.csproj", "{AAEB2D22-9CD9-442F-8182-142D58BEF8D6}"
EndProject
Global
	GlobalSection(SolutionConfigurationPlatforms) = preSolution
		Debug|Any CPU = Debug|Any CPU
		Release|Any CPU = Release|Any CPU
	EndGlobalSection
	GlobalSection(ProjectConfigurationPlatforms) = postSolution
		{AAEB2D22-9CD9-442F-8182-142D58BEF8D6}.Debug|Any CPU.ActiveCfg = Debug|Any CPU
		{AAEB2D22-9CD9-442F-8182-142D58BEF8D6}.Debug|Any CPU.Build.0 = Debug|Any CPU
		{AAEB2D22-9CD9-442F-8182-142D58BEF8D6}.Release|Any CPU.ActiveCfg = Release|Any CPU
		{AAEB2D22-9CD9-442F-8182-142D58BEF8D6}.Release|Any CPU.Build.0 = Release|Any CPU
	EndGlobalSection
	GlobalSection(SolutionProperties) = preSolution
		HideSolutionNode = FALSE
	EndGlobalSection
	GlobalSection(NestedProjects) = preSolution
		{AAEB2D22-9CD9-442F-8182-142D58BEF8D6} = {8FFAF1E6-1342-4DDD-860B-D872287FE9EA}
	EndGlobalSection
	GlobalSection(ExtensibilityGlobals) = postSolution
		SolutionGuid = {63DE9D5C-2460-46ED-8BAB-8C817CA293B5}
	EndGlobalSection
EndGlobal
